
Microsoft Visual Studio Solution File, Format Version 12.00
# Visual Studio Version 17
VisualStudioVersion = 17.3.32825.248
MinimumVisualStudioVersion = 10.0.40219.1
Project("{FAE04EC0-301F-11D3-BF4B-00C04F79EFBC}") = "VysledkyTest1", "VysledkyTest1\VysledkyTest1.csproj", "{03F7A8D5-10F3-485A-91E5-BDDE42A30263}"
EndProject
Global
	GlobalSection(SolutionConfigurationPlatforms) = preSolution
		Debug|Any CPU = Debug|Any CPU
		Release|Any CPU = Release|Any CPU
	EndGlobalSection
	GlobalSection(ProjectConfigurationPlatforms) = postSolution
		{03F7A8D5-10F3-485A-91E5-BDDE42A30263}.Debug|Any CPU.ActiveCfg = Debug|Any CPU
		{03F7A8D5-10F3-485A-91E5-BDDE42A30263}.Debug|Any CPU.Build.0 = Debug|Any CPU
		{03F7A8D5-10F3-485A-91E5-BDDE42A30263}.Release|Any CPU.ActiveCfg = Release|Any CPU
		{03F7A8D5-10F3-485A-91E5-BDDE42A30263}.Release|Any CPU.Build.0 = Release|Any CPU
	EndGlobalSection
	GlobalSection(SolutionProperties) = preSolution
		HideSolutionNode = FALSE
	EndGlobalSection
	GlobalSection(ExtensibilityGlobals) = postSolution
		SolutionGuid = {52CC64F4-9A32-4F94-9406-071192807FB2}
	EndGlobalSection
EndGlobal
